
Microsoft Visual Studio Solution File, Format Version 12.00
# Visual Studio Version 16
VisualStudioVersion = 16.0.31702.278
MinimumVisualStudioVersion = 10.0.40219.1
Project("{FAE04EC0-301F-11D3-BF4B-00C04F79EFBC}") = "DishesGenerator.Api", "DishesGenerator\DishesGenerator.Api.csproj", "{25BDBA25-8744-415A-82CC-CFC8F37605D8}"
EndProject
Project("{FAE04EC0-301F-11D3-BF4B-00C04F79EFBC}") = "DishesGenerator.Domain", "DishesGenerator.Domain\DishesGenerator.Domain.csproj", "{59C7AFDD-4581-4DAF-9608-35277C9596D3}"
EndProject
Project("{FAE04EC0-301F-11D3-BF4B-00C04F79EFBC}") = "DishesGenerator.Application", "DIshesGenerator.Application\DishesGenerator.Application.csproj", "{E6D3A6BE-8DDE-45B8-AC7B-DE304C17EB6A}"
EndProject
Project("{FAE04EC0-301F-11D3-BF4B-00C04F79EFBC}") = "DishesGenerator.Infrastructure", "DishesGenerator.Infrastructure\DishesGenerator.Infrastructure.csproj", "{26DE46C6-1363-41F9-9BD6-099299FF760A}"
EndProject
Global
	GlobalSection(SolutionConfigurationPlatforms) = preSolution
		Debug|Any CPU = Debug|Any CPU
		Release|Any CPU = Release|Any CPU
	EndGlobalSection
	GlobalSection(ProjectConfigurationPlatforms) = postSolution
		{25BDBA25-8744-415A-82CC-CFC8F37605D8}.Debug|Any CPU.ActiveCfg = Debug|Any CPU
		{25BDBA25-8744-415A-82CC-CFC8F37605D8}.Debug|Any CPU.Build.0 = Debug|Any CPU
		{25BDBA25-8744-415A-82CC-CFC8F37605D8}.Release|Any CPU.ActiveCfg = Release|Any CPU
		{25BDBA25-8744-415A-82CC-CFC8F37605D8}.Release|Any CPU.Build.0 = Release|Any CPU
		{59C7AFDD-4581-4DAF-9608-35277C9596D3}.Debug|Any CPU.ActiveCfg = Debug|Any CPU
		{59C7AFDD-4581-4DAF-9608-35277C9596D3}.Debug|Any CPU.Build.0 = Debug|Any CPU
		{59C7AFDD-4581-4DAF-9608-35277C9596D3}.Release|Any CPU.ActiveCfg = Release|Any CPU
		{59C7AFDD-4581-4DAF-9608-35277C9596D3}.Release|Any CPU.Build.0 = Release|Any CPU
		{E6D3A6BE-8DDE-45B8-AC7B-DE304C17EB6A}.Debug|Any CPU.ActiveCfg = Debug|Any CPU
		{E6D3A6BE-8DDE-45B8-AC7B-DE304C17EB6A}.Debug|Any CPU.Build.0 = Debug|Any CPU
		{E6D3A6BE-8DDE-45B8-AC7B-DE304C17EB6A}.Release|Any CPU.ActiveCfg = Release|Any CPU
		{E6D3A6BE-8DDE-45B8-AC7B-DE304C17EB6A}.Release|Any CPU.Build.0 = Release|Any CPU
		{26DE46C6-1363-41F9-9BD6-099299FF760A}.Debug|Any CPU.ActiveCfg = Debug|Any CPU
		{26DE46C6-1363-41F9-9BD6-099299FF760A}.Debug|Any CPU.Build.0 = Debug|Any CPU
		{26DE46C6-1363-41F9-9BD6-099299FF760A}.Release|Any CPU.ActiveCfg = Release|Any CPU
		{26DE46C6-1363-41F9-9BD6-099299FF760A}.Release|Any CPU.Build.0 = Release|Any CPU
	EndGlobalSection
	GlobalSection(SolutionProperties) = preSolution
		HideSolutionNode = FALSE
	EndGlobalSection
	GlobalSection(ExtensibilityGlobals) = postSolution
		SolutionGuid = {9CBDC3DB-2F79-4C8D-A55C-6CE570AFDD15}
	EndGlobalSection
EndGlobal
